
Microsoft Visual Studio Solution File, Format Version 12.00
# Visual Studio Version 16
VisualStudioVersion = 16.0.30907.101
MinimumVisualStudioVersion = 10.0.40219.1
Project("{FAE04EC0-301F-11D3-BF4B-00C04F79EFBC}") = "Labyrintspill", "Labyrintspill.csproj", "{B788C130-9DBF-48C4-B4B3-64E4EABEA95D}"
EndProject
Global
	GlobalSection(SolutionConfigurationPlatforms) = preSolution
		Debug|Any CPU = Debug|Any CPU
		Release|Any CPU = Release|Any CPU
	EndGlobalSection
	GlobalSection(ProjectConfigurationPlatforms) = postSolution
		{B788C130-9DBF-48C4-B4B3-64E4EABEA95D}.Debug|Any CPU.ActiveCfg = Debug|Any CPU
		{B788C130-9DBF-48C4-B4B3-64E4EABEA95D}.Debug|Any CPU.Build.0 = Debug|Any CPU
		{B788C130-9DBF-48C4-B4B3-64E4EABEA95D}.Release|Any CPU.ActiveCfg = Release|Any CPU
		{B788C130-9DBF-48C4-B4B3-64E4EABEA95D}.Release|Any CPU.Build.0 = Release|Any CPU
	EndGlobalSection
	GlobalSection(SolutionProperties) = preSolution
		HideSolutionNode = FALSE
	EndGlobalSection
	GlobalSection(ExtensibilityGlobals) = postSolution
		SolutionGuid = {11497DCC-DBC4-4009-9F8C-9A2085AC8DA9}
	EndGlobalSection
EndGlobal
